
Microsoft Visual Studio Solution File, Format Version 12.00
# Visual Studio Version 16
VisualStudioVersion = 16.0.30804.86
MinimumVisualStudioVersion = 10.0.40219.1
Project("{FAE04EC0-301F-11D3-BF4B-00C04F79EFBC}") = "EnCodingChange", "EnCodingChange.csproj", "{E0A36512-DA09-48AD-B58E-C0FD7B29676B}"
EndProject
Global
	GlobalSection(SolutionConfigurationPlatforms) = preSolution
		Debug|Any CPU = Debug|Any CPU
		Release|Any CPU = Release|Any CPU
	EndGlobalSection
	GlobalSection(ProjectConfigurationPlatforms) = postSolution
		{E0A36512-DA09-48AD-B58E-C0FD7B29676B}.Debug|Any CPU.ActiveCfg = Debug|Any CPU
		{E0A36512-DA09-48AD-B58E-C0FD7B29676B}.Debug|Any CPU.Build.0 = Debug|Any CPU
		{E0A36512-DA09-48AD-B58E-C0FD7B29676B}.Release|Any CPU.ActiveCfg = Release|Any CPU
		{E0A36512-DA09-48AD-B58E-C0FD7B29676B}.Release|Any CPU.Build.0 = Release|Any CPU
	EndGlobalSection
	GlobalSection(SolutionProperties) = preSolution
		HideSolutionNode = FALSE
	EndGlobalSection
	GlobalSection(ExtensibilityGlobals) = postSolution
		SolutionGuid = {D066805D-F5AF-4F8A-B489-3D0397BD5665}
	EndGlobalSection
EndGlobal
